
Microsoft Visual Studio Solution File, Format Version 12.00
# Visual Studio Version 16
VisualStudioVersion = 16.0.29521.150
MinimumVisualStudioVersion = 10.0.40219.1
Project("{FAE04EC0-301F-11D3-BF4B-00C04F79EFBC}") = "CleanWaterHealth.Model", "CleanWaterHealth.Model\CleanWaterHealth.Model.csproj", "{0868654D-27A0-4A6A-8B7E-4AB9B8853E31}"
EndProject
Project("{FAE04EC0-301F-11D3-BF4B-00C04F79EFBC}") = "CleanWaterHealth.Model.Test", "CleanWaterHealth.Model.Test\CleanWaterHealth.Model.Test.csproj", "{34A491C0-607B-4CF7-B09E-D3554389BF79}"
EndProject
Global
	GlobalSection(SolutionConfigurationPlatforms) = preSolution
		Debug|Any CPU = Debug|Any CPU
		Release|Any CPU = Release|Any CPU
	EndGlobalSection
	GlobalSection(ProjectConfigurationPlatforms) = postSolution
		{0868654D-27A0-4A6A-8B7E-4AB9B8853E31}.Debug|Any CPU.ActiveCfg = Debug|Any CPU
		{0868654D-27A0-4A6A-8B7E-4AB9B8853E31}.Debug|Any CPU.Build.0 = Debug|Any CPU
		{0868654D-27A0-4A6A-8B7E-4AB9B8853E31}.Release|Any CPU.ActiveCfg = Release|Any CPU
		{0868654D-27A0-4A6A-8B7E-4AB9B8853E31}.Release|Any CPU.Build.0 = Release|Any CPU
		{34A491C0-607B-4CF7-B09E-D3554389BF79}.Debug|Any CPU.ActiveCfg = Debug|Any CPU
		{34A491C0-607B-4CF7-B09E-D3554389BF79}.Debug|Any CPU.Build.0 = Debug|Any CPU
		{34A491C0-607B-4CF7-B09E-D3554389BF79}.Release|Any CPU.ActiveCfg = Release|Any CPU
		{34A491C0-607B-4CF7-B09E-D3554389BF79}.Release|Any CPU.Build.0 = Release|Any CPU
	EndGlobalSection
	GlobalSection(SolutionProperties) = preSolution
		HideSolutionNode = FALSE
	EndGlobalSection
	GlobalSection(ExtensibilityGlobals) = postSolution
		SolutionGuid = {2E475F10-058E-4598-877A-E3B5F890419B}
	EndGlobalSection
EndGlobal
